
Microsoft Visual Studio Solution File, Format Version 12.00
# Visual Studio 14
VisualStudioVersion = 14.0.25420.1
MinimumVisualStudioVersion = 10.0.40219.1
Project("{FAE04EC0-301F-11D3-BF4B-00C04F79EFBC}") = "HML.Employee.Common", "HML.Employee.Common\HML.Employee.Common.csproj", "{58DB615A-0128-4F84-8A09-AE4AC8B7AE99}"
EndProject
Project("{FAE04EC0-301F-11D3-BF4B-00C04F79EFBC}") = "HML.Employee.WebAPI", "HML.Employee.WebAPI\HML.Employee.WebAPI.csproj", "{B48EDEB8-740F-486E-B4A8-CA2ACAB926FC}"
EndProject
Project("{FAE04EC0-301F-11D3-BF4B-00C04F79EFBC}") = "HML.Employee.Models", "HML.Employee.Models\HML.Employee.Models.csproj", "{38D46AA1-2845-495A-A1B2-BFD3090CA94E}"
EndProject
Project("{FAE04EC0-301F-11D3-BF4B-00C04F79EFBC}") = "HML.Employee.Providers", "HML.Employee.Providers\HML.Employee.Providers.csproj", "{967CBCCF-C23A-435C-9BF6-21069C2B85E5}"
EndProject
Project("{FAE04EC0-301F-11D3-BF4B-00C04F79EFBC}") = "HML.Employee.Test", "HML.Employee.Test\HML.Employee.Test.csproj", "{78F7665C-A371-4666-B5A1-6B4C8C3A3BFC}"
EndProject
Global
	GlobalSection(SolutionConfigurationPlatforms) = preSolution
		Debug|Any CPU = Debug|Any CPU
		Release|Any CPU = Release|Any CPU
	EndGlobalSection
	GlobalSection(ProjectConfigurationPlatforms) = postSolution
		{58DB615A-0128-4F84-8A09-AE4AC8B7AE99}.Debug|Any CPU.ActiveCfg = Debug|Any CPU
		{58DB615A-0128-4F84-8A09-AE4AC8B7AE99}.Debug|Any CPU.Build.0 = Debug|Any CPU
		{58DB615A-0128-4F84-8A09-AE4AC8B7AE99}.Release|Any CPU.ActiveCfg = Release|Any CPU
		{58DB615A-0128-4F84-8A09-AE4AC8B7AE99}.Release|Any CPU.Build.0 = Release|Any CPU
		{B48EDEB8-740F-486E-B4A8-CA2ACAB926FC}.Debug|Any CPU.ActiveCfg = Debug|Any CPU
		{B48EDEB8-740F-486E-B4A8-CA2ACAB926FC}.Debug|Any CPU.Build.0 = Debug|Any CPU
		{B48EDEB8-740F-486E-B4A8-CA2ACAB926FC}.Release|Any CPU.ActiveCfg = Release|Any CPU
		{B48EDEB8-740F-486E-B4A8-CA2ACAB926FC}.Release|Any CPU.Build.0 = Release|Any CPU
		{38D46AA1-2845-495A-A1B2-BFD3090CA94E}.Debug|Any CPU.ActiveCfg = Debug|Any CPU
		{38D46AA1-2845-495A-A1B2-BFD3090CA94E}.Debug|Any CPU.Build.0 = Debug|Any CPU
		{38D46AA1-2845-495A-A1B2-BFD3090CA94E}.Release|Any CPU.ActiveCfg = Release|Any CPU
		{38D46AA1-2845-495A-A1B2-BFD3090CA94E}.Release|Any CPU.Build.0 = Release|Any CPU
		{967CBCCF-C23A-435C-9BF6-21069C2B85E5}.Debug|Any CPU.ActiveCfg = Debug|Any CPU
		{967CBCCF-C23A-435C-9BF6-21069C2B85E5}.Debug|Any CPU.Build.0 = Debug|Any CPU
		{967CBCCF-C23A-435C-9BF6-21069C2B85E5}.Release|Any CPU.ActiveCfg = Release|Any CPU
		{967CBCCF-C23A-435C-9BF6-21069C2B85E5}.Release|Any CPU.Build.0 = Release|Any CPU
		{78F7665C-A371-4666-B5A1-6B4C8C3A3BFC}.Debug|Any CPU.ActiveCfg = Debug|Any CPU
		{78F7665C-A371-4666-B5A1-6B4C8C3A3BFC}.Debug|Any CPU.Build.0 = Debug|Any CPU
		{78F7665C-A371-4666-B5A1-6B4C8C3A3BFC}.Release|Any CPU.ActiveCfg = Release|Any CPU
		{78F7665C-A371-4666-B5A1-6B4C8C3A3BFC}.Release|Any CPU.Build.0 = Release|Any CPU
	EndGlobalSection
	GlobalSection(SolutionProperties) = preSolution
		HideSolutionNode = FALSE
	EndGlobalSection
EndGlobal
